// !$*UTF8*$!
{
	archiveVersion = 1;
	classes = {
	};
	objectVersion = 56;
	objects = {

/* Begin PBXBuildFile section */
		ACFD12E06E89F74AF1DBA685 /* Pods_RunPepperRun.framework in Frameworks */ = {isa = PBXBuildFile; fileRef = FC2E6287CEEA40B1EF41A0B2 /* Pods_RunPepperRun.framework */; };
		BA16A4502B74703F0021254F /* HistoryViewController+Chart.swift in Sources */ = {isa = PBXBuildFile; fileRef = BA16A44F2B74703F0021254F /* HistoryViewController+Chart.swift */; };
		BA5E99DA2B70DEE900871B48 /* Motion.swift in Sources */ = {isa = PBXBuildFile; fileRef = BA5E99A32B70DEE900871B48 /* Motion.swift */; };
		BA5E99DB2B70DEE900871B48 /* Location.swift in Sources */ = {isa = PBXBuildFile; fileRef = BA5E99A42B70DEE900871B48 /* Location.swift */; };
		BA5E99DC2B70DEE900871B48 /* RunningResult.swift in Sources */ = {isa = PBXBuildFile; fileRef = BA5E99A52B70DEE900871B48 /* RunningResult.swift */; };
		BA5E99DD2B70DEE900871B48 /* Running.swift in Sources */ = {isa = PBXBuildFile; fileRef = BA5E99A62B70DEE900871B48 /* Running.swift */; };
		BA5E99DE2B70DEE900871B48 /* CaloriesCalculator.swift in Sources */ = {isa = PBXBuildFile; fileRef = BA5E99A72B70DEE900871B48 /* CaloriesCalculator.swift */; };
		BA5E99DF2B70DEE900871B48 /* MotionActivity.swift in Sources */ = {isa = PBXBuildFile; fileRef = BA5E99A82B70DEE900871B48 /* MotionActivity.swift */; };
		BA5E99E02B70DEE900871B48 /* Point.swift in Sources */ = {isa = PBXBuildFile; fileRef = BA5E99A92B70DEE900871B48 /* Point.swift */; };
		BA5E99E12B70DEE900871B48 /* RunningStat.swift in Sources */ = {isa = PBXBuildFile; fileRef = BA5E99AA2B70DEE900871B48 /* RunningStat.swift */; };
		BA5E99E62B70DEE900871B48 /* UserManager.swift in Sources */ = {isa = PBXBuildFile; fileRef = BA5E99B22B70DEE900871B48 /* UserManager.swift */; };
		BA5E99E72B70DEE900871B48 /* User.swift in Sources */ = {isa = PBXBuildFile; fileRef = BA5E99B32B70DEE900871B48 /* User.swift */; };
		BA5E99E82B70DEE900871B48 /* FirestoreRepository.swift in Sources */ = {isa = PBXBuildFile; fileRef = BA5E99B52B70DEE900871B48 /* FirestoreRepository.swift */; };
		BA5E99E92B70DEE900871B48 /* FirestoreCollection.swift in Sources */ = {isa = PBXBuildFile; fileRef = BA5E99B62B70DEE900871B48 /* FirestoreCollection.swift */; };
		BA5E99EA2B70DEE900871B48 /* RunningStatLeftAxisValueFormatter.swift in Sources */ = {isa = PBXBuildFile; fileRef = BA5E99B82B70DEE900871B48 /* RunningStatLeftAxisValueFormatter.swift */; };
		BA5E99EB2B70DEE900871B48 /* ChartScope.swift in Sources */ = {isa = PBXBuildFile; fileRef = BA5E99B92B70DEE900871B48 /* ChartScope.swift */; };
		BA5E99EC2B70DEE900871B48 /* Period.swift in Sources */ = {isa = PBXBuildFile; fileRef = BA5E99BA2B70DEE900871B48 /* Period.swift */; };
		BA5E99ED2B70DEE900871B48 /* RunningStatBarValueFormatter.swift in Sources */ = {isa = PBXBuildFile; fileRef = BA5E99BB2B70DEE900871B48 /* RunningStatBarValueFormatter.swift */; };
		BA5E99EE2B70DEE900871B48 /* HistoryBar.swift in Sources */ = {isa = PBXBuildFile; fileRef = BA5E99BC2B70DEE900871B48 /* HistoryBar.swift */; };
		BA5E99EF2B70DEE900871B48 /* History.swift in Sources */ = {isa = PBXBuildFile; fileRef = BA5E99BD2B70DEE900871B48 /* History.swift */; };
		BA5E99F02B70DEE900871B48 /* HistoryManager.swift in Sources */ = {isa = PBXBuildFile; fileRef = BA5E99BE2B70DEE900871B48 /* HistoryManager.swift */; };
		BA5E99F32B70DEE900871B48 /* Extension.swift in Sources */ = {isa = PBXBuildFile; fileRef = BA5E99C32B70DEE900871B48 /* Extension.swift */; };
		BA5E99F42B70DEE900871B48 /* ViewController.swift in Sources */ = {isa = PBXBuildFile; fileRef = BA5E99C52B70DEE900871B48 /* ViewController.swift */; };
		BA5E99F52B70DEE900871B48 /* Assets.xcassets in Resources */ = {isa = PBXBuildFile; fileRef = BA5E99C62B70DEE900871B48 /* Assets.xcassets */; };
		BA5E99F62B70DEE900871B48 /* Route1.gpx in Resources */ = {isa = PBXBuildFile; fileRef = BA5E99C72B70DEE900871B48 /* Route1.gpx */; };
		BA5E99F72B70DEE900871B48 /* Config2.xcconfig in Resources */ = {isa = PBXBuildFile; fileRef = BA5E99C82B70DEE900871B48 /* Config2.xcconfig */; };
		BA5E99F82B70DEE900871B48 /* AppDelegate.swift in Sources */ = {isa = PBXBuildFile; fileRef = BA5E99C92B70DEE900871B48 /* AppDelegate.swift */; };
		BA5E99F92B70DEE900871B48 /* SceneDelegate.swift in Sources */ = {isa = PBXBuildFile; fileRef = BA5E99CA2B70DEE900871B48 /* SceneDelegate.swift */; };
		BA5E99FA2B70DEE900871B48 /* HistoryTableViewCell.swift in Sources */ = {isa = PBXBuildFile; fileRef = BA5E99CC2B70DEE900871B48 /* HistoryTableViewCell.swift */; };
		BA5E99FB2B70DEE900871B48 /* OnboardingCollectionViewCell.swift in Sources */ = {isa = PBXBuildFile; fileRef = BA5E99CD2B70DEE900871B48 /* OnboardingCollectionViewCell.swift */; };
		BA5E99FC2B70DEE900871B48 /* OnboardingCollectionViewLayout.swift in Sources */ = {isa = PBXBuildFile; fileRef = BA5E99CE2B70DEE900871B48 /* OnboardingCollectionViewLayout.swift */; };
		BA5E99FD2B70DEE900871B48 /* RunningStatCollectionViewLayout.swift in Sources */ = {isa = PBXBuildFile; fileRef = BA5E99CF2B70DEE900871B48 /* RunningStatCollectionViewLayout.swift */; };
		BA5E99FE2B70DEE900871B48 /* RunningStatCardCell.swift in Sources */ = {isa = PBXBuildFile; fileRef = BA5E99D02B70DEE900871B48 /* RunningStatCardCell.swift */; };
		BA5E99FF2B70DEE900871B48 /* RunningStatCellScrollLayout.swift in Sources */ = {isa = PBXBuildFile; fileRef = BA5E99D12B70DEE900871B48 /* RunningStatCellScrollLayout.swift */; };
		BA5E9A002B70DEE900871B48 /* RunningStatusView.swift in Sources */ = {isa = PBXBuildFile; fileRef = BA5E99D22B70DEE900871B48 /* RunningStatusView.swift */; };
		BA5E9A012B70DEE900871B48 /* SignUpViewController.swift in Sources */ = {isa = PBXBuildFile; fileRef = BA5E99D42B70DEE900871B48 /* SignUpViewController.swift */; };
		BA5E9A022B70DEE900871B48 /* ResultViewController.swift in Sources */ = {isa = PBXBuildFile; fileRef = BA5E99D52B70DEE900871B48 /* ResultViewController.swift */; };
		BA5E9A032B70DEE900871B48 /* HomeViewController.swift in Sources */ = {isa = PBXBuildFile; fileRef = BA5E99D62B70DEE900871B48 /* HomeViewController.swift */; };
		BA5E9A042B70DEE900871B48 /* RunningViewController.swift in Sources */ = {isa = PBXBuildFile; fileRef = BA5E99D72B70DEE900871B48 /* RunningViewController.swift */; };
		BA5E9A052B70DEE900871B48 /* OnboardingViewController.swift in Sources */ = {isa = PBXBuildFile; fileRef = BA5E99D82B70DEE900871B48 /* OnboardingViewController.swift */; };
		BA5E9A062B70DEE900871B48 /* HistoryViewController.swift in Sources */ = {isa = PBXBuildFile; fileRef = BA5E99D92B70DEE900871B48 /* HistoryViewController.swift */; };
		BAAF54CC2B219A7000265237 /* LaunchScreen.storyboard in Resources */ = {isa = PBXBuildFile; fileRef = BAAF54CA2B219A7000265237 /* LaunchScreen.storyboard */; };
		BAF701BE2B5A16BD000DB059 /* GoogleService-Info.plist in Resources */ = {isa = PBXBuildFile; fileRef = BAF701BD2B5A16BD000DB059 /* GoogleService-Info.plist */; };
		BAF9989A2B70E4EC00207F52 /* DrawbleMapView.swift in Sources */ = {isa = PBXBuildFile; fileRef = BAF998992B70E4EC00207F52 /* DrawbleMapView.swift */; };
/* End PBXBuildFile section */

/* Begin PBXFileReference section */
		1B48CF0FE7430AB0D12CEF4F /* Pods-RunPepperRun.release.xcconfig */ = {isa = PBXFileReference; includeInIndex = 1; lastKnownFileType = text.xcconfig; name = "Pods-RunPepperRun.release.xcconfig"; path = "Target Support Files/Pods-RunPepperRun/Pods-RunPepperRun.release.xcconfig"; sourceTree = "<group>"; };
		88BCE0B9D707B2A31B771838 /* Pods-RunPepperRun.debug.xcconfig */ = {isa = PBXFileReference; includeInIndex = 1; lastKnownFileType = text.xcconfig; name = "Pods-RunPepperRun.debug.xcconfig"; path = "Target Support Files/Pods-RunPepperRun/Pods-RunPepperRun.debug.xcconfig"; sourceTree = "<group>"; };
		BA16A44F2B74703F0021254F /* HistoryViewController+Chart.swift */ = {isa = PBXFileReference; lastKnownFileType = sourcecode.swift; path = "HistoryViewController+Chart.swift"; sourceTree = "<group>"; };
		BA5E99A32B70DEE900871B48 /* Motion.swift */ = {isa = PBXFileReference; fileEncoding = 4; lastKnownFileType = sourcecode.swift; path = Motion.swift; sourceTree = "<group>"; };
		BA5E99A42B70DEE900871B48 /* Location.swift */ = {isa = PBXFileReference; fileEncoding = 4; lastKnownFileType = sourcecode.swift; path = Location.swift; sourceTree = "<group>"; };
		BA5E99A52B70DEE900871B48 /* RunningResult.swift */ = {isa = PBXFileReference; fileEncoding = 4; lastKnownFileType = sourcecode.swift; path = RunningResult.swift; sourceTree = "<group>"; };
		BA5E99A62B70DEE900871B48 /* Running.swift */ = {isa = PBXFileReference; fileEncoding = 4; lastKnownFileType = sourcecode.swift; path = Running.swift; sourceTree = "<group>"; };
		BA5E99A72B70DEE900871B48 /* CaloriesCalculator.swift */ = {isa = PBXFileReference; fileEncoding = 4; lastKnownFileType = sourcecode.swift; path = CaloriesCalculator.swift; sourceTree = "<group>"; };
		BA5E99A82B70DEE900871B48 /* MotionActivity.swift */ = {isa = PBXFileReference; fileEncoding = 4; lastKnownFileType = sourcecode.swift; path = MotionActivity.swift; sourceTree = "<group>"; };
		BA5E99A92B70DEE900871B48 /* Point.swift */ = {isa = PBXFileReference; fileEncoding = 4; lastKnownFileType = sourcecode.swift; path = Point.swift; sourceTree = "<group>"; };
		BA5E99AA2B70DEE900871B48 /* RunningStat.swift */ = {isa = PBXFileReference; fileEncoding = 4; lastKnownFileType = sourcecode.swift; path = RunningStat.swift; sourceTree = "<group>"; };
		BA5E99B22B70DEE900871B48 /* UserManager.swift */ = {isa = PBXFileReference; fileEncoding = 4; lastKnownFileType = sourcecode.swift; path = UserManager.swift; sourceTree = "<group>"; };
		BA5E99B32B70DEE900871B48 /* User.swift */ = {isa = PBXFileReference; fileEncoding = 4; lastKnownFileType = sourcecode.swift; path = User.swift; sourceTree = "<group>"; };
		BA5E99B52B70DEE900871B48 /* FirestoreRepository.swift */ = {isa = PBXFileReference; fileEncoding = 4; lastKnownFileType = sourcecode.swift; path = FirestoreRepository.swift; sourceTree = "<group>"; };
		BA5E99B62B70DEE900871B48 /* FirestoreCollection.swift */ = {isa = PBXFileReference; fileEncoding = 4; lastKnownFileType = sourcecode.swift; path = FirestoreCollection.swift; sourceTree = "<group>"; };
		BA5E99B82B70DEE900871B48 /* RunningStatLeftAxisValueFormatter.swift */ = {isa = PBXFileReference; fileEncoding = 4; lastKnownFileType = sourcecode.swift; path = RunningStatLeftAxisValueFormatter.swift; sourceTree = "<group>"; };
		BA5E99B92B70DEE900871B48 /* ChartScope.swift */ = {isa = PBXFileReference; fileEncoding = 4; lastKnownFileType = sourcecode.swift; path = ChartScope.swift; sourceTree = "<group>"; };
		BA5E99BA2B70DEE900871B48 /* Period.swift */ = {isa = PBXFileReference; fileEncoding = 4; lastKnownFileType = sourcecode.swift; path = Period.swift; sourceTree = "<group>"; };
		BA5E99BB2B70DEE900871B48 /* RunningStatBarValueFormatter.swift */ = {isa = PBXFileReference; fileEncoding = 4; lastKnownFileType = sourcecode.swift; path = RunningStatBarValueFormatter.swift; sourceTree = "<group>"; };
		BA5E99BC2B70DEE900871B48 /* HistoryBar.swift */ = {isa = PBXFileReference; fileEncoding = 4; lastKnownFileType = sourcecode.swift; path = HistoryBar.swift; sourceTree = "<group>"; };
		BA5E99BD2B70DEE900871B48 /* History.swift */ = {isa = PBXFileReference; fileEncoding = 4; lastKnownFileType = sourcecode.swift; path = History.swift; sourceTree = "<group>"; };
		BA5E99BE2B70DEE900871B48 /* HistoryManager.swift */ = {isa = PBXFileReference; fileEncoding = 4; lastKnownFileType = sourcecode.swift; path = HistoryManager.swift; sourceTree = "<group>"; };
		BA5E99C32B70DEE900871B48 /* Extension.swift */ = {isa = PBXFileReference; fileEncoding = 4; lastKnownFileType = sourcecode.swift; path = Extension.swift; sourceTree = "<group>"; };
		BA5E99C52B70DEE900871B48 /* ViewController.swift */ = {isa = PBXFileReference; fileEncoding = 4; lastKnownFileType = sourcecode.swift; path = ViewController.swift; sourceTree = "<group>"; };
		BA5E99C62B70DEE900871B48 /* Assets.xcassets */ = {isa = PBXFileReference; lastKnownFileType = folder.assetcatalog; path = Assets.xcassets; sourceTree = "<group>"; };
		BA5E99C72B70DEE900871B48 /* Route1.gpx */ = {isa = PBXFileReference; fileEncoding = 4; lastKnownFileType = text.xml; path = Route1.gpx; sourceTree = "<group>"; };
		BA5E99C82B70DEE900871B48 /* Config2.xcconfig */ = {isa = PBXFileReference; fileEncoding = 4; lastKnownFileType = text.xcconfig; path = Config2.xcconfig; sourceTree = "<group>"; };
		BA5E99C92B70DEE900871B48 /* AppDelegate.swift */ = {isa = PBXFileReference; fileEncoding = 4; lastKnownFileType = sourcecode.swift; path = AppDelegate.swift; sourceTree = "<group>"; };
		BA5E99CA2B70DEE900871B48 /* SceneDelegate.swift */ = {isa = PBXFileReference; fileEncoding = 4; lastKnownFileType = sourcecode.swift; path = SceneDelegate.swift; sourceTree = "<group>"; };
		BA5E99CC2B70DEE900871B48 /* HistoryTableViewCell.swift */ = {isa = PBXFileReference; fileEncoding = 4; lastKnownFileType = sourcecode.swift; path = HistoryTableViewCell.swift; sourceTree = "<group>"; };
		BA5E99CD2B70DEE900871B48 /* OnboardingCollectionViewCell.swift */ = {isa = PBXFileReference; fileEncoding = 4; lastKnownFileType = sourcecode.swift; path = OnboardingCollectionViewCell.swift; sourceTree = "<group>"; };
		BA5E99CE2B70DEE900871B48 /* OnboardingCollectionViewLayout.swift */ = {isa = PBXFileReference; fileEncoding = 4; lastKnownFileType = sourcecode.swift; path = OnboardingCollectionViewLayout.swift; sourceTree = "<group>"; };
		BA5E99CF2B70DEE900871B48 /* RunningStatCollectionViewLayout.swift */ = {isa = PBXFileReference; fileEncoding = 4; lastKnownFileType = sourcecode.swift; path = RunningStatCollectionViewLayout.swift; sourceTree = "<group>"; };
		BA5E99D02B70DEE900871B48 /* RunningStatCardCell.swift */ = {isa = PBXFileReference; fileEncoding = 4; lastKnownFileType = sourcecode.swift; path = RunningStatCardCell.swift; sourceTree = "<group>"; };
		BA5E99D12B70DEE900871B48 /* RunningStatCellScrollLayout.swift */ = {isa = PBXFileReference; fileEncoding = 4; lastKnownFileType = sourcecode.swift; path = RunningStatCellScrollLayout.swift; sourceTree = "<group>"; };
		BA5E99D22B70DEE900871B48 /* RunningStatusView.swift */ = {isa = PBXFileReference; fileEncoding = 4; lastKnownFileType = sourcecode.swift; path = RunningStatusView.swift; sourceTree = "<group>"; };
		BA5E99D42B70DEE900871B48 /* SignUpViewController.swift */ = {isa = PBXFileReference; fileEncoding = 4; lastKnownFileType = sourcecode.swift; path = SignUpViewController.swift; sourceTree = "<group>"; };
		BA5E99D52B70DEE900871B48 /* ResultViewController.swift */ = {isa = PBXFileReference; fileEncoding = 4; lastKnownFileType = sourcecode.swift; path = ResultViewController.swift; sourceTree = "<group>"; };
		BA5E99D62B70DEE900871B48 /* HomeViewController.swift */ = {isa = PBXFileReference; fileEncoding = 4; lastKnownFileType = sourcecode.swift; path = HomeViewController.swift; sourceTree = "<group>"; };
		BA5E99D72B70DEE900871B48 /* RunningViewController.swift */ = {isa = PBXFileReference; fileEncoding = 4; lastKnownFileType = sourcecode.swift; path = RunningViewController.swift; sourceTree = "<group>"; };
		BA5E99D82B70DEE900871B48 /* OnboardingViewController.swift */ = {isa = PBXFileReference; fileEncoding = 4; lastKnownFileType = sourcecode.swift; path = OnboardingViewController.swift; sourceTree = "<group>"; };
		BA5E99D92B70DEE900871B48 /* HistoryViewController.swift */ = {isa = PBXFileReference; fileEncoding = 4; lastKnownFileType = sourcecode.swift; path = HistoryViewController.swift; sourceTree = "<group>"; };
		BAAF54BC2B219A6F00265237 /* RunPepperRun.app */ = {isa = PBXFileReference; explicitFileType = wrapper.application; includeInIndex = 0; path = RunPepperRun.app; sourceTree = BUILT_PRODUCTS_DIR; };
		BAAF54CB2B219A7000265237 /* Base */ = {isa = PBXFileReference; lastKnownFileType = file.storyboard; name = Base; path = Base.lproj/LaunchScreen.storyboard; sourceTree = "<group>"; };
		BAAF54CD2B219A7000265237 /* Info.plist */ = {isa = PBXFileReference; lastKnownFileType = text.plist.xml; path = Info.plist; sourceTree = "<group>"; };
		BAF701BD2B5A16BD000DB059 /* GoogleService-Info.plist */ = {isa = PBXFileReference; fileEncoding = 4; lastKnownFileType = text.plist.xml; name = "GoogleService-Info.plist"; path = "../../../Downloads/GoogleService-Info.plist"; sourceTree = "<group>"; };
		BAF998992B70E4EC00207F52 /* DrawbleMapView.swift */ = {isa = PBXFileReference; fileEncoding = 4; lastKnownFileType = sourcecode.swift; path = DrawbleMapView.swift; sourceTree = "<group>"; };
		FC2E6287CEEA40B1EF41A0B2 /* Pods_RunPepperRun.framework */ = {isa = PBXFileReference; explicitFileType = wrapper.framework; includeInIndex = 0; path = Pods_RunPepperRun.framework; sourceTree = BUILT_PRODUCTS_DIR; };
/* End PBXFileReference section */

/* Begin PBXFrameworksBuildPhase section */
		BAAF54B92B219A6F00265237 /* Frameworks */ = {
			isa = PBXFrameworksBuildPhase;
			buildActionMask = 2147483647;
			files = (
				ACFD12E06E89F74AF1DBA685 /* Pods_RunPepperRun.framework in Frameworks */,
			);
			runOnlyForDeploymentPostprocessing = 0;
		};
/* End PBXFrameworksBuildPhase section */

/* Begin PBXGroup section */
		A46FEA914990BAA2F2B40D91 /* Frameworks */ = {
			isa = PBXGroup;
			children = (
				FC2E6287CEEA40B1EF41A0B2 /* Pods_RunPepperRun.framework */,
			);
			name = Frameworks;
			sourceTree = "<group>";
		};
		B72157A04263E379947562B4 /* Pods */ = {
			isa = PBXGroup;
			children = (
				88BCE0B9D707B2A31B771838 /* Pods-RunPepperRun.debug.xcconfig */,
				1B48CF0FE7430AB0D12CEF4F /* Pods-RunPepperRun.release.xcconfig */,
			);
			path = Pods;
			sourceTree = "<group>";
		};
		BA5E99A12B70DEE900871B48 /* Model */ = {
			isa = PBXGroup;
			children = (
				BA5E99A22B70DEE900871B48 /* Running */,
				BA5E99B12B70DEE900871B48 /* User */,
				BA5E99B42B70DEE900871B48 /* Firebase */,
				BA5E99B72B70DEE900871B48 /* History */,
			);
			path = Model;
			sourceTree = "<group>";
		};
		BA5E99A22B70DEE900871B48 /* Running */ = {
			isa = PBXGroup;
			children = (
				BA5E99A32B70DEE900871B48 /* Motion.swift */,
				BA5E99A42B70DEE900871B48 /* Location.swift */,
				BA5E99A52B70DEE900871B48 /* RunningResult.swift */,
				BA5E99A62B70DEE900871B48 /* Running.swift */,
				BA5E99A72B70DEE900871B48 /* CaloriesCalculator.swift */,
				BA5E99A82B70DEE900871B48 /* MotionActivity.swift */,
				BA5E99A92B70DEE900871B48 /* Point.swift */,
				BA5E99AA2B70DEE900871B48 /* RunningStat.swift */,
			);
			path = Running;
			sourceTree = "<group>";
		};
		BA5E99B12B70DEE900871B48 /* User */ = {
			isa = PBXGroup;
			children = (
				BA5E99B22B70DEE900871B48 /* UserManager.swift */,
				BA5E99B32B70DEE900871B48 /* User.swift */,
			);
			path = User;
			sourceTree = "<group>";
		};
		BA5E99B42B70DEE900871B48 /* Firebase */ = {
			isa = PBXGroup;
			children = (
				BA5E99B52B70DEE900871B48 /* FirestoreRepository.swift */,
				BA5E99B62B70DEE900871B48 /* FirestoreCollection.swift */,
			);
			path = Firebase;
			sourceTree = "<group>";
		};
		BA5E99B72B70DEE900871B48 /* History */ = {
			isa = PBXGroup;
			children = (
				BA5E99B82B70DEE900871B48 /* RunningStatLeftAxisValueFormatter.swift */,
				BA5E99B92B70DEE900871B48 /* ChartScope.swift */,
				BA5E99BA2B70DEE900871B48 /* Period.swift */,
				BA5E99BB2B70DEE900871B48 /* RunningStatBarValueFormatter.swift */,
				BA5E99BC2B70DEE900871B48 /* HistoryBar.swift */,
				BA5E99BD2B70DEE900871B48 /* History.swift */,
				BA5E99BE2B70DEE900871B48 /* HistoryManager.swift */,
			);
			path = History;
			sourceTree = "<group>";
		};
		BA5E99C22B70DEE900871B48 /* Global */ = {
			isa = PBXGroup;
			children = (
				BAF998992B70E4EC00207F52 /* DrawbleMapView.swift */,
				BA5E99C32B70DEE900871B48 /* Extension.swift */,
			);
			path = Global;
			sourceTree = "<group>";
		};
		BA5E99C42B70DEE900871B48 /* Resource */ = {
			isa = PBXGroup;
			children = (
				BA5E99C52B70DEE900871B48 /* ViewController.swift */,
				BA5E99C62B70DEE900871B48 /* Assets.xcassets */,
				BA5E99C72B70DEE900871B48 /* Route1.gpx */,
				BA5E99C82B70DEE900871B48 /* Config2.xcconfig */,
				BA5E99C92B70DEE900871B48 /* AppDelegate.swift */,
				BA5E99CA2B70DEE900871B48 /* SceneDelegate.swift */,
			);
			path = Resource;
			sourceTree = "<group>";
		};
		BA5E99CB2B70DEE900871B48 /* View */ = {
			isa = PBXGroup;
			children = (
				BA5E99CC2B70DEE900871B48 /* HistoryTableViewCell.swift */,
				BA5E99CD2B70DEE900871B48 /* OnboardingCollectionViewCell.swift */,
				BA5E99CE2B70DEE900871B48 /* OnboardingCollectionViewLayout.swift */,
				BA5E99CF2B70DEE900871B48 /* RunningStatCollectionViewLayout.swift */,
				BA5E99D02B70DEE900871B48 /* RunningStatCardCell.swift */,
				BA5E99D12B70DEE900871B48 /* RunningStatCellScrollLayout.swift */,
				BA5E99D22B70DEE900871B48 /* RunningStatusView.swift */,
			);
			path = View;
			sourceTree = "<group>";
		};
		BA5E99D32B70DEE900871B48 /* Controller */ = {
			isa = PBXGroup;
			children = (
				BA5E99D42B70DEE900871B48 /* SignUpViewController.swift */,
				BA5E99D52B70DEE900871B48 /* ResultViewController.swift */,
				BA5E99D62B70DEE900871B48 /* HomeViewController.swift */,
				BA5E99D72B70DEE900871B48 /* RunningViewController.swift */,
				BA5E99D82B70DEE900871B48 /* OnboardingViewController.swift */,
				BA5E99D92B70DEE900871B48 /* HistoryViewController.swift */,
				BA16A44F2B74703F0021254F /* HistoryViewController+Chart.swift */,
			);
			path = Controller;
			sourceTree = "<group>";
		};
		BAAF54B32B219A6F00265237 = {
			isa = PBXGroup;
			children = (
				BAAF54BE2B219A6F00265237 /* RunPepperRun */,
				BAAF54BD2B219A6F00265237 /* Products */,
				B72157A04263E379947562B4 /* Pods */,
				A46FEA914990BAA2F2B40D91 /* Frameworks */,
			);
			sourceTree = "<group>";
		};
		BAAF54BD2B219A6F00265237 /* Products */ = {
			isa = PBXGroup;
			children = (
				BAAF54BC2B219A6F00265237 /* RunPepperRun.app */,
			);
			name = Products;
			sourceTree = "<group>";
		};
		BAAF54BE2B219A6F00265237 /* RunPepperRun */ = {
			isa = PBXGroup;
			children = (
				BA5E99D32B70DEE900871B48 /* Controller */,
				BA5E99C22B70DEE900871B48 /* Global */,
				BA5E99A12B70DEE900871B48 /* Model */,
				BA5E99C42B70DEE900871B48 /* Resource */,
				BA5E99CB2B70DEE900871B48 /* View */,
				BAAF54CA2B219A7000265237 /* LaunchScreen.storyboard */,
				BAF701BD2B5A16BD000DB059 /* GoogleService-Info.plist */,
				BAAF54CD2B219A7000265237 /* Info.plist */,
			);
			path = RunPepperRun;
			sourceTree = "<group>";
		};
/* End PBXGroup section */

/* Begin PBXNativeTarget section */
		BAAF54BB2B219A6F00265237 /* RunPepperRun */ = {
			isa = PBXNativeTarget;
			buildConfigurationList = BAAF54D02B219A7000265237 /* Build configuration list for PBXNativeTarget "RunPepperRun" */;
			buildPhases = (
				4EF10F72B94C16E14D50DB36 /* [CP] Check Pods Manifest.lock */,
				BAAF54B82B219A6F00265237 /* Sources */,
				BAAF54B92B219A6F00265237 /* Frameworks */,
				BAAF54BA2B219A6F00265237 /* Resources */,
				B95A2AF900D7D1759A67E44F /* [CP] Embed Pods Frameworks */,
			);
			buildRules = (
			);
			dependencies = (
			);
			name = RunPepperRun;
			productName = RunPepperRun;
			productReference = BAAF54BC2B219A6F00265237 /* RunPepperRun.app */;
			productType = "com.apple.product-type.application";
		};
/* End PBXNativeTarget section */

/* Begin PBXProject section */
		BAAF54B42B219A6F00265237 /* Project object */ = {
			isa = PBXProject;
			attributes = {
				BuildIndependentTargetsInParallel = 1;
				LastSwiftUpdateCheck = 1500;
				LastUpgradeCheck = 1500;
				TargetAttributes = {
					BAAF54BB2B219A6F00265237 = {
						CreatedOnToolsVersion = 15.0;
					};
				};
			};
			buildConfigurationList = BAAF54B72B219A6F00265237 /* Build configuration list for PBXProject "RunPepperRun" */;
			compatibilityVersion = "Xcode 14.0";
			developmentRegion = en;
			hasScannedForEncodings = 0;
			knownRegions = (
				en,
				Base,
			);
			mainGroup = BAAF54B32B219A6F00265237;
			productRefGroup = BAAF54BD2B219A6F00265237 /* Products */;
			projectDirPath = "";
			projectRoot = "";
			targets = (
				BAAF54BB2B219A6F00265237 /* RunPepperRun */,
			);
		};
/* End PBXProject section */

/* Begin PBXResourcesBuildPhase section */
		BAAF54BA2B219A6F00265237 /* Resources */ = {
			isa = PBXResourcesBuildPhase;
			buildActionMask = 2147483647;
			files = (
				BAAF54CC2B219A7000265237 /* LaunchScreen.storyboard in Resources */,
				BA5E99F72B70DEE900871B48 /* Config2.xcconfig in Resources */,
				BA5E99F52B70DEE900871B48 /* Assets.xcassets in Resources */,
				BAF701BE2B5A16BD000DB059 /* GoogleService-Info.plist in Resources */,
				BA5E99F62B70DEE900871B48 /* Route1.gpx in Resources */,
			);
			runOnlyForDeploymentPostprocessing = 0;
		};
/* End PBXResourcesBuildPhase section */

/* Begin PBXShellScriptBuildPhase section */
		4EF10F72B94C16E14D50DB36 /* [CP] Check Pods Manifest.lock */ = {
			isa = PBXShellScriptBuildPhase;
			buildActionMask = 2147483647;
			files = (
			);
			inputFileListPaths = (
			);
			inputPaths = (
				"${PODS_PODFILE_DIR_PATH}/Podfile.lock",
				"${PODS_ROOT}/Manifest.lock",
			);
			name = "[CP] Check Pods Manifest.lock";
			outputFileListPaths = (
			);
			outputPaths = (
				"$(DERIVED_FILE_DIR)/Pods-RunPepperRun-checkManifestLockResult.txt",
			);
			runOnlyForDeploymentPostprocessing = 0;
			shellPath = /bin/sh;
			shellScript = "diff \"${PODS_PODFILE_DIR_PATH}/Podfile.lock\" \"${PODS_ROOT}/Manifest.lock\" > /dev/null\nif [ $? != 0 ] ; then\n    # print error to STDERR\n    echo \"error: The sandbox is not in sync with the Podfile.lock. Run 'pod install' or update your CocoaPods installation.\" >&2\n    exit 1\nfi\n# This output is used by Xcode 'outputs' to avoid re-running this script phase.\necho \"SUCCESS\" > \"${SCRIPT_OUTPUT_FILE_0}\"\n";
			showEnvVarsInLog = 0;
		};
		B95A2AF900D7D1759A67E44F /* [CP] Embed Pods Frameworks */ = {
			isa = PBXShellScriptBuildPhase;
			buildActionMask = 2147483647;
			files = (
			);
			inputFileListPaths = (
				"${PODS_ROOT}/Target Support Files/Pods-RunPepperRun/Pods-RunPepperRun-frameworks-${CONFIGURATION}-input-files.xcfilelist",
			);
			name = "[CP] Embed Pods Frameworks";
			outputFileListPaths = (
				"${PODS_ROOT}/Target Support Files/Pods-RunPepperRun/Pods-RunPepperRun-frameworks-${CONFIGURATION}-output-files.xcfilelist",
			);
			runOnlyForDeploymentPostprocessing = 0;
			shellPath = /bin/sh;
			shellScript = "\"${PODS_ROOT}/Target Support Files/Pods-RunPepperRun/Pods-RunPepperRun-frameworks.sh\"\n";
			showEnvVarsInLog = 0;
		};
/* End PBXShellScriptBuildPhase section */

/* Begin PBXSourcesBuildPhase section */
		BAAF54B82B219A6F00265237 /* Sources */ = {
			isa = PBXSourcesBuildPhase;
			buildActionMask = 2147483647;
			files = (
				BA5E9A022B70DEE900871B48 /* ResultViewController.swift in Sources */,
				BA5E99E82B70DEE900871B48 /* FirestoreRepository.swift in Sources */,
				BA5E99EA2B70DEE900871B48 /* RunningStatLeftAxisValueFormatter.swift in Sources */,
				BA5E99F82B70DEE900871B48 /* AppDelegate.swift in Sources */,
				BA5E9A042B70DEE900871B48 /* RunningViewController.swift in Sources */,
				BA5E99ED2B70DEE900871B48 /* RunningStatBarValueFormatter.swift in Sources */,
				BA5E99E92B70DEE900871B48 /* FirestoreCollection.swift in Sources */,
				BA5E9A032B70DEE900871B48 /* HomeViewController.swift in Sources */,
				BA5E99F32B70DEE900871B48 /* Extension.swift in Sources */,
				BA5E99F02B70DEE900871B48 /* HistoryManager.swift in Sources */,
				BA5E99F92B70DEE900871B48 /* SceneDelegate.swift in Sources */,
				BA5E99E62B70DEE900871B48 /* UserManager.swift in Sources */,
				BA5E99FD2B70DEE900871B48 /* RunningStatCollectionViewLayout.swift in Sources */,
				BA5E99DF2B70DEE900871B48 /* MotionActivity.swift in Sources */,
				BA5E99E12B70DEE900871B48 /* RunningStat.swift in Sources */,
				BA5E99E72B70DEE900871B48 /* User.swift in Sources */,
				BA5E99DB2B70DEE900871B48 /* Location.swift in Sources */,
				BA16A4502B74703F0021254F /* HistoryViewController+Chart.swift in Sources */,
				BA5E99EB2B70DEE900871B48 /* ChartScope.swift in Sources */,
				BAF9989A2B70E4EC00207F52 /* DrawbleMapView.swift in Sources */,
				BA5E99DD2B70DEE900871B48 /* Running.swift in Sources */,
				BA5E99EF2B70DEE900871B48 /* History.swift in Sources */,
				BA5E99EC2B70DEE900871B48 /* Period.swift in Sources */,
				BA5E99DA2B70DEE900871B48 /* Motion.swift in Sources */,
				BA5E99FF2B70DEE900871B48 /* RunningStatCellScrollLayout.swift in Sources */,
				BA5E99FC2B70DEE900871B48 /* OnboardingCollectionViewLayout.swift in Sources */,
				BA5E9A002B70DEE900871B48 /* RunningStatusView.swift in Sources */,
				BA5E99F42B70DEE900871B48 /* ViewController.swift in Sources */,
				BA5E99FA2B70DEE900871B48 /* HistoryTableViewCell.swift in Sources */,
				BA5E99EE2B70DEE900871B48 /* HistoryBar.swift in Sources */,
				BA5E9A062B70DEE900871B48 /* HistoryViewController.swift in Sources */,
				BA5E9A052B70DEE900871B48 /* OnboardingViewController.swift in Sources */,
				BA5E99E02B70DEE900871B48 /* Point.swift in Sources */,
				BA5E99DE2B70DEE900871B48 /* CaloriesCalculator.swift in Sources */,
				BA5E99FE2B70DEE900871B48 /* RunningStatCardCell.swift in Sources */,
				BA5E99FB2B70DEE900871B48 /* OnboardingCollectionViewCell.swift in Sources */,
				BA5E99DC2B70DEE900871B48 /* RunningResult.swift in Sources */,
				BA5E9A012B70DEE900871B48 /* SignUpViewController.swift in Sources */,
			);
			runOnlyForDeploymentPostprocessing = 0;
		};
/* End PBXSourcesBuildPhase section */

/* Begin PBXVariantGroup section */
		BAAF54CA2B219A7000265237 /* LaunchScreen.storyboard */ = {
			isa = PBXVariantGroup;
			children = (
				BAAF54CB2B219A7000265237 /* Base */,
			);
			name = LaunchScreen.storyboard;
			sourceTree = "<group>";
		};
/* End PBXVariantGroup section */

/* Begin XCBuildConfiguration section */
		BAAF54CE2B219A7000265237 /* Debug */ = {
			isa = XCBuildConfiguration;
			buildSettings = {
				ALWAYS_SEARCH_USER_PATHS = NO;
				ASSETCATALOG_COMPILER_GENERATE_SWIFT_ASSET_SYMBOL_EXTENSIONS = YES;
				CLANG_ANALYZER_NONNULL = YES;
				CLANG_ANALYZER_NUMBER_OBJECT_CONVERSION = YES_AGGRESSIVE;
				CLANG_CXX_LANGUAGE_STANDARD = "gnu++20";
				CLANG_ENABLE_MODULES = YES;
				CLANG_ENABLE_OBJC_ARC = YES;
				CLANG_ENABLE_OBJC_WEAK = YES;
				CLANG_WARN_BLOCK_CAPTURE_AUTORELEASING = YES;
				CLANG_WARN_BOOL_CONVERSION = YES;
				CLANG_WARN_COMMA = YES;
				CLANG_WARN_CONSTANT_CONVERSION = YES;
				CLANG_WARN_DEPRECATED_OBJC_IMPLEMENTATIONS = YES;
				CLANG_WARN_DIRECT_OBJC_ISA_USAGE = YES_ERROR;
				CLANG_WARN_DOCUMENTATION_COMMENTS = YES;
				CLANG_WARN_EMPTY_BODY = YES;
				CLANG_WARN_ENUM_CONVERSION = YES;
				CLANG_WARN_INFINITE_RECURSION = YES;
				CLANG_WARN_INT_CONVERSION = YES;
				CLANG_WARN_NON_LITERAL_NULL_CONVERSION = YES;
				CLANG_WARN_OBJC_IMPLICIT_RETAIN_SELF = YES;
				CLANG_WARN_OBJC_LITERAL_CONVERSION = YES;
				CLANG_WARN_OBJC_ROOT_CLASS = YES_ERROR;
				CLANG_WARN_QUOTED_INCLUDE_IN_FRAMEWORK_HEADER = YES;
				CLANG_WARN_RANGE_LOOP_ANALYSIS = YES;
				CLANG_WARN_STRICT_PROTOTYPES = YES;
				CLANG_WARN_SUSPICIOUS_MOVE = YES;
				CLANG_WARN_UNGUARDED_AVAILABILITY = YES_AGGRESSIVE;
				CLANG_WARN_UNREACHABLE_CODE = YES;
				CLANG_WARN__DUPLICATE_METHOD_MATCH = YES;
				COPY_PHASE_STRIP = NO;
				DEBUG_INFORMATION_FORMAT = dwarf;
				ENABLE_STRICT_OBJC_MSGSEND = YES;
				ENABLE_TESTABILITY = YES;
				ENABLE_USER_SCRIPT_SANDBOXING = NO;
				GCC_C_LANGUAGE_STANDARD = gnu17;
				GCC_DYNAMIC_NO_PIC = NO;
				GCC_NO_COMMON_BLOCKS = YES;
				GCC_OPTIMIZATION_LEVEL = 0;
				GCC_PREPROCESSOR_DEFINITIONS = (
					"DEBUG=1",
					"$(inherited)",
				);
				GCC_WARN_64_TO_32_BIT_CONVERSION = YES;
				GCC_WARN_ABOUT_RETURN_TYPE = YES_ERROR;
				GCC_WARN_UNDECLARED_SELECTOR = YES;
				GCC_WARN_UNINITIALIZED_AUTOS = YES_AGGRESSIVE;
				GCC_WARN_UNUSED_FUNCTION = YES;
				GCC_WARN_UNUSED_VARIABLE = YES;
				IPHONEOS_DEPLOYMENT_TARGET = 17.0;
				LOCALIZATION_PREFERS_STRING_CATALOGS = YES;
				MTL_ENABLE_DEBUG_INFO = INCLUDE_SOURCE;
				MTL_FAST_MATH = YES;
				ONLY_ACTIVE_ARCH = YES;
				SDKROOT = iphoneos;
				SWIFT_ACTIVE_COMPILATION_CONDITIONS = "DEBUG $(inherited)";
				SWIFT_OPTIMIZATION_LEVEL = "-Onone";
				fawe = "";
			};
			name = Debug;
		};
		BAAF54CF2B219A7000265237 /* Release */ = {
			isa = XCBuildConfiguration;
			buildSettings = {
				ALWAYS_SEARCH_USER_PATHS = NO;
				ASSETCATALOG_COMPILER_GENERATE_SWIFT_ASSET_SYMBOL_EXTENSIONS = YES;
				CLANG_ANALYZER_NONNULL = YES;
				CLANG_ANALYZER_NUMBER_OBJECT_CONVERSION = YES_AGGRESSIVE;
				CLANG_CXX_LANGUAGE_STANDARD = "gnu++20";
				CLANG_ENABLE_MODULES = YES;
				CLANG_ENABLE_OBJC_ARC = YES;
				CLANG_ENABLE_OBJC_WEAK = YES;
				CLANG_WARN_BLOCK_CAPTURE_AUTORELEASING = YES;
				CLANG_WARN_BOOL_CONVERSION = YES;
				CLANG_WARN_COMMA = YES;
				CLANG_WARN_CONSTANT_CONVERSION = YES;
				CLANG_WARN_DEPRECATED_OBJC_IMPLEMENTATIONS = YES;
				CLANG_WARN_DIRECT_OBJC_ISA_USAGE = YES_ERROR;
				CLANG_WARN_DOCUMENTATION_COMMENTS = YES;
				CLANG_WARN_EMPTY_BODY = YES;
				CLANG_WARN_ENUM_CONVERSION = YES;
				CLANG_WARN_INFINITE_RECURSION = YES;
				CLANG_WARN_INT_CONVERSION = YES;
				CLANG_WARN_NON_LITERAL_NULL_CONVERSION = YES;
				CLANG_WARN_OBJC_IMPLICIT_RETAIN_SELF = YES;
				CLANG_WARN_OBJC_LITERAL_CONVERSION = YES;
				CLANG_WARN_OBJC_ROOT_CLASS = YES_ERROR;
				CLANG_WARN_QUOTED_INCLUDE_IN_FRAMEWORK_HEADER = YES;
				CLANG_WARN_RANGE_LOOP_ANALYSIS = YES;
				CLANG_WARN_STRICT_PROTOTYPES = YES;
				CLANG_WARN_SUSPICIOUS_MOVE = YES;
				CLANG_WARN_UNGUARDED_AVAILABILITY = YES_AGGRESSIVE;
				CLANG_WARN_UNREACHABLE_CODE = YES;
				CLANG_WARN__DUPLICATE_METHOD_MATCH = YES;
				COPY_PHASE_STRIP = NO;
				DEBUG_INFORMATION_FORMAT = "dwarf-with-dsym";
				ENABLE_NS_ASSERTIONS = NO;
				ENABLE_STRICT_OBJC_MSGSEND = YES;
				ENABLE_USER_SCRIPT_SANDBOXING = NO;
				GCC_C_LANGUAGE_STANDARD = gnu17;
				GCC_NO_COMMON_BLOCKS = YES;
				GCC_WARN_64_TO_32_BIT_CONVERSION = YES;
				GCC_WARN_ABOUT_RETURN_TYPE = YES_ERROR;
				GCC_WARN_UNDECLARED_SELECTOR = YES;
				GCC_WARN_UNINITIALIZED_AUTOS = YES_AGGRESSIVE;
				GCC_WARN_UNUSED_FUNCTION = YES;
				GCC_WARN_UNUSED_VARIABLE = YES;
				IPHONEOS_DEPLOYMENT_TARGET = 17.0;
				LOCALIZATION_PREFERS_STRING_CATALOGS = YES;
				MTL_ENABLE_DEBUG_INFO = NO;
				MTL_FAST_MATH = YES;
				SDKROOT = iphoneos;
				SWIFT_COMPILATION_MODE = wholemodule;
				VALIDATE_PRODUCT = YES;
				fawe = "";
			};
			name = Release;
		};
		BAAF54D12B219A7000265237 /* Debug */ = {
			isa = XCBuildConfiguration;
			baseConfigurationReference = 88BCE0B9D707B2A31B771838 /* Pods-RunPepperRun.debug.xcconfig */;
			buildSettings = {
				ASSETCATALOG_COMPILER_APPICON_NAME = AppIcon;
				ASSETCATALOG_COMPILER_GLOBAL_ACCENT_COLOR_NAME = AccentColor;
				CODE_SIGN_IDENTITY = "Apple Development";
				CODE_SIGN_STYLE = Automatic;
				CURRENT_PROJECT_VERSION = 1;
				DEVELOPMENT_TEAM = ARSZYU7AJ8;
				GENERATE_INFOPLIST_FILE = YES;
				INFOPLIST_FILE = RunPepperRun/Info.plist;
				INFOPLIST_KEY_UIApplicationSupportsIndirectInputEvents = YES;
				INFOPLIST_KEY_UILaunchStoryboardName = LaunchScreen;
				INFOPLIST_KEY_UISupportedInterfaceOrientations = UIInterfaceOrientationPortrait;
				INFOPLIST_KEY_UISupportedInterfaceOrientations_iPad = "UIInterfaceOrientationLandscapeLeft UIInterfaceOrientationLandscapeRight UIInterfaceOrientationPortrait UIInterfaceOrientationPortraitUpsideDown";
				IPHONEOS_DEPLOYMENT_TARGET = 16.0;
				LD_RUNPATH_SEARCH_PATHS = (
					"$(inherited)",
					"@executable_path/Frameworks",
				);
				MARKETING_VERSION = 1.0;
				PRODUCT_BUNDLE_IDENTIFIER = com.peppermint100.RunPepperRun;
				PRODUCT_NAME = "$(TARGET_NAME)";
				PROVISIONING_PROFILE_SPECIFIER = "";
				SUPPORTED_PLATFORMS = "iphoneos iphonesimulator";
				SUPPORTS_MACCATALYST = NO;
				SUPPORTS_MAC_DESIGNED_FOR_IPHONE_IPAD = NO;
				SWIFT_EMIT_LOC_STRINGS = YES;
				SWIFT_VERSION = 5.0;
				TARGETED_DEVICE_FAMILY = 1;
			};
			name = Debug;
		};
		BAAF54D22B219A7000265237 /* Release */ = {
			isa = XCBuildConfiguration;
			baseConfigurationReference = 1B48CF0FE7430AB0D12CEF4F /* Pods-RunPepperRun.release.xcconfig */;
			buildSettings = {
				ASSETCATALOG_COMPILER_APPICON_NAME = AppIcon;
				ASSETCATALOG_COMPILER_GLOBAL_ACCENT_COLOR_NAME = AccentColor;
				CODE_SIGN_IDENTITY = "Apple Development";
				CODE_SIGN_STYLE = Automatic;
				CURRENT_PROJECT_VERSION = 1;
				DEVELOPMENT_TEAM = ARSZYU7AJ8;
				GENERATE_INFOPLIST_FILE = YES;
				INFOPLIST_FILE = RunPepperRun/Info.plist;
				INFOPLIST_KEY_UIApplicationSupportsIndirectInputEvents = YES;
				INFOPLIST_KEY_UILaunchStoryboardName = LaunchScreen;
				INFOPLIST_KEY_UISupportedInterfaceOrientations = UIInterfaceOrientationPortrait;
				INFOPLIST_KEY_UISupportedInterfaceOrientations_iPad = "UIInterfaceOrientationLandscapeLeft UIInterfaceOrientationLandscapeRight UIInterfaceOrientationPortrait UIInterfaceOrientationPortraitUpsideDown";
				IPHONEOS_DEPLOYMENT_TARGET = 16.0;
				LD_RUNPATH_SEARCH_PATHS = (
					"$(inherited)",
					"@executable_path/Frameworks",
				);
				MARKETING_VERSION = 1.0;
				PRODUCT_BUNDLE_IDENTIFIER = com.peppermint100.RunPepperRun;
				PRODUCT_NAME = "$(TARGET_NAME)";
				PROVISIONING_PROFILE_SPECIFIER = "";
				SUPPORTED_PLATFORMS = "iphoneos iphonesimulator";
				SUPPORTS_MACCATALYST = NO;
				SUPPORTS_MAC_DESIGNED_FOR_IPHONE_IPAD = NO;
				SWIFT_EMIT_LOC_STRINGS = YES;
				SWIFT_VERSION = 5.0;
				TARGETED_DEVICE_FAMILY = 1;
			};
			name = Release;
		};
/* End XCBuildConfiguration section */

/* Begin XCConfigurationList section */
		BAAF54B72B219A6F00265237 /* Build configuration list for PBXProject "RunPepperRun" */ = {
			isa = XCConfigurationList;
			buildConfigurations = (
				BAAF54CE2B219A7000265237 /* Debug */,
				BAAF54CF2B219A7000265237 /* Release */,
			);
			defaultConfigurationIsVisible = 0;
			defaultConfigurationName = Release;
		};
		BAAF54D02B219A7000265237 /* Build configuration list for PBXNativeTarget "RunPepperRun" */ = {
			isa = XCConfigurationList;
			buildConfigurations = (
				BAAF54D12B219A7000265237 /* Debug */,
				BAAF54D22B219A7000265237 /* Release */,
			);
			defaultConfigurationIsVisible = 0;
			defaultConfigurationName = Release;
		};
/* End XCConfigurationList section */
	};
	rootObject = BAAF54B42B219A6F00265237 /* Project object */;
}
