// !$*UTF8*$!
{
	archiveVersion = 1;
	classes = {
	};
	objectVersion = 56;
	objects = {

/* Begin PBXBuildFile section */
		ACFD12E06E89F74AF1DBA685 /* Pods_RunPepperRun.framework in Frameworks */ = {isa = PBXBuildFile; fileRef = FC2E6287CEEA40B1EF41A0B2 /* Pods_RunPepperRun.framework */; };
		BA173A432B4406FA00C7F049 /* Extension.swift in Sources */ = {isa = PBXBuildFile; fileRef = BA173A422B4406FA00C7F049 /* Extension.swift */; };
		BA225CFA2B4BD3E800A637BA /* Running.swift in Sources */ = {isa = PBXBuildFile; fileRef = BA225CF92B4BD3E800A637BA /* Running.swift */; };
		BA225CFC2B4BD40F00A637BA /* Location.swift in Sources */ = {isa = PBXBuildFile; fileRef = BA225CFB2B4BD40F00A637BA /* Location.swift */; };
		BA225CFE2B4BD63D00A637BA /* Point.swift in Sources */ = {isa = PBXBuildFile; fileRef = BA225CFD2B4BD63D00A637BA /* Point.swift */; };
		BA225D002B4BD8AA00A637BA /* Motion.swift in Sources */ = {isa = PBXBuildFile; fileRef = BA225CFF2B4BD8AA00A637BA /* Motion.swift */; };
		BA225D022B4BED3B00A637BA /* MotionActivity.swift in Sources */ = {isa = PBXBuildFile; fileRef = BA225D012B4BED3B00A637BA /* MotionActivity.swift */; };
		BA225D042B4BEE6600A637BA /* CaloriesCalculator.swift in Sources */ = {isa = PBXBuildFile; fileRef = BA225D032B4BEE6600A637BA /* CaloriesCalculator.swift */; };
		BA3A3B682B4915EF00DF1DE4 /* RunningViewController.swift in Sources */ = {isa = PBXBuildFile; fileRef = BA3A3B672B4915EF00DF1DE4 /* RunningViewController.swift */; };
		BA3A3B6A2B492BC600DF1DE4 /* RunningFactorCellScrollLayout.swift in Sources */ = {isa = PBXBuildFile; fileRef = BA3A3B692B492BC600DF1DE4 /* RunningFactorCellScrollLayout.swift */; };
		BA5752C32B43DE5800686EB5 /* RunningFactorCardCell.swift in Sources */ = {isa = PBXBuildFile; fileRef = BA5752C22B43DE5800686EB5 /* RunningFactorCardCell.swift */; };
		BA7FE2092B54E4F800FADA40 /* RunningStatusView.swift in Sources */ = {isa = PBXBuildFile; fileRef = BA7FE2082B54E4F800FADA40 /* RunningStatusView.swift */; };
		BAAF54C02B219A6F00265237 /* AppDelegate.swift in Sources */ = {isa = PBXBuildFile; fileRef = BAAF54BF2B219A6F00265237 /* AppDelegate.swift */; };
		BAAF54C22B219A6F00265237 /* SceneDelegate.swift in Sources */ = {isa = PBXBuildFile; fileRef = BAAF54C12B219A6F00265237 /* SceneDelegate.swift */; };
		BAAF54C42B219A6F00265237 /* ViewController.swift in Sources */ = {isa = PBXBuildFile; fileRef = BAAF54C32B219A6F00265237 /* ViewController.swift */; };
		BAAF54C92B219A7000265237 /* Assets.xcassets in Resources */ = {isa = PBXBuildFile; fileRef = BAAF54C82B219A7000265237 /* Assets.xcassets */; };
		BAAF54CC2B219A7000265237 /* LaunchScreen.storyboard in Resources */ = {isa = PBXBuildFile; fileRef = BAAF54CA2B219A7000265237 /* LaunchScreen.storyboard */; };
		BAAF54DA2B21AD7200265237 /* HomeViewController.swift in Sources */ = {isa = PBXBuildFile; fileRef = BAAF54D92B21AD7200265237 /* HomeViewController.swift */; };
		BAD5B8242B465A3700A40AE0 /* RunningFactor.swift in Sources */ = {isa = PBXBuildFile; fileRef = BAD5B8232B465A3700A40AE0 /* RunningFactor.swift */; };
		BAD5B8262B46793100A40AE0 /* RunningFactorCellLayout.swift in Sources */ = {isa = PBXBuildFile; fileRef = BAD5B8252B46793100A40AE0 /* RunningFactorCellLayout.swift */; };
		BAED15A72B4D0B7100139F67 /* ResultViewController.swift in Sources */ = {isa = PBXBuildFile; fileRef = BAED15A62B4D0B7100139F67 /* ResultViewController.swift */; };
		BAED15A92B4D1B9F00139F67 /* DrawbleMapView.swift in Sources */ = {isa = PBXBuildFile; fileRef = BAED15A82B4D1B9F00139F67 /* DrawbleMapView.swift */; };
		BAED15AC2B4D201100139F67 /* RunningResult.swift in Sources */ = {isa = PBXBuildFile; fileRef = BAED15AB2B4D201100139F67 /* RunningResult.swift */; };
		BAF701BC2B5A074C000DB059 /* SignUpViewController.swift in Sources */ = {isa = PBXBuildFile; fileRef = BAF701BB2B5A074C000DB059 /* SignUpViewController.swift */; };
		BAF701BE2B5A16BD000DB059 /* GoogleService-Info.plist in Resources */ = {isa = PBXBuildFile; fileRef = BAF701BD2B5A16BD000DB059 /* GoogleService-Info.plist */; };
/* End PBXBuildFile section */

/* Begin PBXFileReference section */
		1B48CF0FE7430AB0D12CEF4F /* Pods-RunPepperRun.release.xcconfig */ = {isa = PBXFileReference; includeInIndex = 1; lastKnownFileType = text.xcconfig; name = "Pods-RunPepperRun.release.xcconfig"; path = "Target Support Files/Pods-RunPepperRun/Pods-RunPepperRun.release.xcconfig"; sourceTree = "<group>"; };
		88BCE0B9D707B2A31B771838 /* Pods-RunPepperRun.debug.xcconfig */ = {isa = PBXFileReference; includeInIndex = 1; lastKnownFileType = text.xcconfig; name = "Pods-RunPepperRun.debug.xcconfig"; path = "Target Support Files/Pods-RunPepperRun/Pods-RunPepperRun.debug.xcconfig"; sourceTree = "<group>"; };
		BA173A422B4406FA00C7F049 /* Extension.swift */ = {isa = PBXFileReference; lastKnownFileType = sourcecode.swift; path = Extension.swift; sourceTree = "<group>"; };
		BA225CF92B4BD3E800A637BA /* Running.swift */ = {isa = PBXFileReference; lastKnownFileType = sourcecode.swift; path = Running.swift; sourceTree = "<group>"; };
		BA225CFB2B4BD40F00A637BA /* Location.swift */ = {isa = PBXFileReference; lastKnownFileType = sourcecode.swift; path = Location.swift; sourceTree = "<group>"; };
		BA225CFD2B4BD63D00A637BA /* Point.swift */ = {isa = PBXFileReference; lastKnownFileType = sourcecode.swift; path = Point.swift; sourceTree = "<group>"; };
		BA225CFF2B4BD8AA00A637BA /* Motion.swift */ = {isa = PBXFileReference; lastKnownFileType = sourcecode.swift; path = Motion.swift; sourceTree = "<group>"; };
		BA225D012B4BED3B00A637BA /* MotionActivity.swift */ = {isa = PBXFileReference; lastKnownFileType = sourcecode.swift; path = MotionActivity.swift; sourceTree = "<group>"; };
		BA225D032B4BEE6600A637BA /* CaloriesCalculator.swift */ = {isa = PBXFileReference; lastKnownFileType = sourcecode.swift; path = CaloriesCalculator.swift; sourceTree = "<group>"; };
		BA3A3B672B4915EF00DF1DE4 /* RunningViewController.swift */ = {isa = PBXFileReference; lastKnownFileType = sourcecode.swift; path = RunningViewController.swift; sourceTree = "<group>"; };
		BA3A3B692B492BC600DF1DE4 /* RunningFactorCellScrollLayout.swift */ = {isa = PBXFileReference; lastKnownFileType = sourcecode.swift; path = RunningFactorCellScrollLayout.swift; sourceTree = "<group>"; };
		BA5752C22B43DE5800686EB5 /* RunningFactorCardCell.swift */ = {isa = PBXFileReference; lastKnownFileType = sourcecode.swift; path = RunningFactorCardCell.swift; sourceTree = "<group>"; };
		BA7FE2082B54E4F800FADA40 /* RunningStatusView.swift */ = {isa = PBXFileReference; lastKnownFileType = sourcecode.swift; path = RunningStatusView.swift; sourceTree = "<group>"; };
		BAAD1B5C2B25504B00296ED8 /* Route1.gpx */ = {isa = PBXFileReference; lastKnownFileType = text.xml; path = Route1.gpx; sourceTree = "<group>"; };
		BAAF54BC2B219A6F00265237 /* RunPepperRun.app */ = {isa = PBXFileReference; explicitFileType = wrapper.application; includeInIndex = 0; path = RunPepperRun.app; sourceTree = BUILT_PRODUCTS_DIR; };
		BAAF54BF2B219A6F00265237 /* AppDelegate.swift */ = {isa = PBXFileReference; lastKnownFileType = sourcecode.swift; path = AppDelegate.swift; sourceTree = "<group>"; };
		BAAF54C12B219A6F00265237 /* SceneDelegate.swift */ = {isa = PBXFileReference; lastKnownFileType = sourcecode.swift; path = SceneDelegate.swift; sourceTree = "<group>"; };
		BAAF54C32B219A6F00265237 /* ViewController.swift */ = {isa = PBXFileReference; lastKnownFileType = sourcecode.swift; path = ViewController.swift; sourceTree = "<group>"; };
		BAAF54C82B219A7000265237 /* Assets.xcassets */ = {isa = PBXFileReference; lastKnownFileType = folder.assetcatalog; path = Assets.xcassets; sourceTree = "<group>"; };
		BAAF54CB2B219A7000265237 /* Base */ = {isa = PBXFileReference; lastKnownFileType = file.storyboard; name = Base; path = Base.lproj/LaunchScreen.storyboard; sourceTree = "<group>"; };
		BAAF54CD2B219A7000265237 /* Info.plist */ = {isa = PBXFileReference; lastKnownFileType = text.plist.xml; path = Info.plist; sourceTree = "<group>"; };
		BAAF54D92B21AD7200265237 /* HomeViewController.swift */ = {isa = PBXFileReference; lastKnownFileType = sourcecode.swift; path = HomeViewController.swift; sourceTree = "<group>"; };
		BAD5B8232B465A3700A40AE0 /* RunningFactor.swift */ = {isa = PBXFileReference; lastKnownFileType = sourcecode.swift; path = RunningFactor.swift; sourceTree = "<group>"; };
		BAD5B8252B46793100A40AE0 /* RunningFactorCellLayout.swift */ = {isa = PBXFileReference; lastKnownFileType = sourcecode.swift; path = RunningFactorCellLayout.swift; sourceTree = "<group>"; };
		BAED15A62B4D0B7100139F67 /* ResultViewController.swift */ = {isa = PBXFileReference; lastKnownFileType = sourcecode.swift; path = ResultViewController.swift; sourceTree = "<group>"; };
		BAED15A82B4D1B9F00139F67 /* DrawbleMapView.swift */ = {isa = PBXFileReference; lastKnownFileType = sourcecode.swift; path = DrawbleMapView.swift; sourceTree = "<group>"; };
		BAED15AB2B4D201100139F67 /* RunningResult.swift */ = {isa = PBXFileReference; lastKnownFileType = sourcecode.swift; path = RunningResult.swift; sourceTree = "<group>"; };
		BAF701BB2B5A074C000DB059 /* SignUpViewController.swift */ = {isa = PBXFileReference; lastKnownFileType = sourcecode.swift; path = SignUpViewController.swift; sourceTree = "<group>"; };
		BAF701BD2B5A16BD000DB059 /* GoogleService-Info.plist */ = {isa = PBXFileReference; fileEncoding = 4; lastKnownFileType = text.plist.xml; name = "GoogleService-Info.plist"; path = "../../../Downloads/GoogleService-Info.plist"; sourceTree = "<group>"; };
		FC2E6287CEEA40B1EF41A0B2 /* Pods_RunPepperRun.framework */ = {isa = PBXFileReference; explicitFileType = wrapper.framework; includeInIndex = 0; path = Pods_RunPepperRun.framework; sourceTree = BUILT_PRODUCTS_DIR; };
/* End PBXFileReference section */

/* Begin PBXFrameworksBuildPhase section */
		BAAF54B92B219A6F00265237 /* Frameworks */ = {
			isa = PBXFrameworksBuildPhase;
			buildActionMask = 2147483647;
			files = (
				ACFD12E06E89F74AF1DBA685 /* Pods_RunPepperRun.framework in Frameworks */,
			);
			runOnlyForDeploymentPostprocessing = 0;
		};
/* End PBXFrameworksBuildPhase section */

/* Begin PBXGroup section */
		A46FEA914990BAA2F2B40D91 /* Frameworks */ = {
			isa = PBXGroup;
			children = (
				FC2E6287CEEA40B1EF41A0B2 /* Pods_RunPepperRun.framework */,
			);
			name = Frameworks;
			sourceTree = "<group>";
		};
		B72157A04263E379947562B4 /* Pods */ = {
			isa = PBXGroup;
			children = (
				88BCE0B9D707B2A31B771838 /* Pods-RunPepperRun.debug.xcconfig */,
				1B48CF0FE7430AB0D12CEF4F /* Pods-RunPepperRun.release.xcconfig */,
			);
			path = Pods;
			sourceTree = "<group>";
		};
		BA173A412B4406EF00C7F049 /* Global */ = {
			isa = PBXGroup;
			children = (
				BA173A422B4406FA00C7F049 /* Extension.swift */,
				BAED15A82B4D1B9F00139F67 /* DrawbleMapView.swift */,
			);
			path = Global;
			sourceTree = "<group>";
		};
		BA64A2A02B42CEE50004E55E /* Controller */ = {
			isa = PBXGroup;
			children = (
				BAAF54D92B21AD7200265237 /* HomeViewController.swift */,
				BA3A3B672B4915EF00DF1DE4 /* RunningViewController.swift */,
				BAED15A62B4D0B7100139F67 /* ResultViewController.swift */,
				BAF701BB2B5A074C000DB059 /* SignUpViewController.swift */,
			);
			path = Controller;
			sourceTree = "<group>";
		};
		BA64A2A12B42CEEA0004E55E /* Model */ = {
			isa = PBXGroup;
			children = (
				BAD5B8232B465A3700A40AE0 /* RunningFactor.swift */,
				BA225CF92B4BD3E800A637BA /* Running.swift */,
				BA225CFB2B4BD40F00A637BA /* Location.swift */,
				BA225CFD2B4BD63D00A637BA /* Point.swift */,
				BA225CFF2B4BD8AA00A637BA /* Motion.swift */,
				BA225D012B4BED3B00A637BA /* MotionActivity.swift */,
				BA225D032B4BEE6600A637BA /* CaloriesCalculator.swift */,
				BAED15AB2B4D201100139F67 /* RunningResult.swift */,
			);
			path = Model;
			sourceTree = "<group>";
		};
		BA64A2A22B42CEED0004E55E /* View */ = {
			isa = PBXGroup;
			children = (
				BA5752C22B43DE5800686EB5 /* RunningFactorCardCell.swift */,
				BAD5B8252B46793100A40AE0 /* RunningFactorCellLayout.swift */,
				BA3A3B692B492BC600DF1DE4 /* RunningFactorCellScrollLayout.swift */,
				BA7FE2082B54E4F800FADA40 /* RunningStatusView.swift */,
			);
			path = View;
			sourceTree = "<group>";
		};
		BAAF54B32B219A6F00265237 = {
			isa = PBXGroup;
			children = (
				BAAF54BE2B219A6F00265237 /* RunPepperRun */,
				BAAF54BD2B219A6F00265237 /* Products */,
				B72157A04263E379947562B4 /* Pods */,
				A46FEA914990BAA2F2B40D91 /* Frameworks */,
			);
			sourceTree = "<group>";
		};
		BAAF54BD2B219A6F00265237 /* Products */ = {
			isa = PBXGroup;
			children = (
				BAAF54BC2B219A6F00265237 /* RunPepperRun.app */,
			);
			name = Products;
			sourceTree = "<group>";
		};
		BAAF54BE2B219A6F00265237 /* RunPepperRun */ = {
			isa = PBXGroup;
			children = (
				BA173A412B4406EF00C7F049 /* Global */,
				BA64A2A22B42CEED0004E55E /* View */,
				BA64A2A12B42CEEA0004E55E /* Model */,
				BA64A2A02B42CEE50004E55E /* Controller */,
				BAAF54D52B21AC6400265237 /* Resource */,
				BAAF54CA2B219A7000265237 /* LaunchScreen.storyboard */,
				BAF701BD2B5A16BD000DB059 /* GoogleService-Info.plist */,
				BAAF54CD2B219A7000265237 /* Info.plist */,
			);
			path = RunPepperRun;
			sourceTree = "<group>";
		};
		BAAF54D52B21AC6400265237 /* Resource */ = {
			isa = PBXGroup;
			children = (
				BAAF54BF2B219A6F00265237 /* AppDelegate.swift */,
				BAAF54C12B219A6F00265237 /* SceneDelegate.swift */,
				BAAF54C32B219A6F00265237 /* ViewController.swift */,
				BAAF54C82B219A7000265237 /* Assets.xcassets */,
				BAAD1B5C2B25504B00296ED8 /* Route1.gpx */,
			);
			path = Resource;
			sourceTree = "<group>";
		};
/* End PBXGroup section */

/* Begin PBXNativeTarget section */
		BAAF54BB2B219A6F00265237 /* RunPepperRun */ = {
			isa = PBXNativeTarget;
			buildConfigurationList = BAAF54D02B219A7000265237 /* Build configuration list for PBXNativeTarget "RunPepperRun" */;
			buildPhases = (
				4EF10F72B94C16E14D50DB36 /* [CP] Check Pods Manifest.lock */,
				BAAF54B82B219A6F00265237 /* Sources */,
				BAAF54B92B219A6F00265237 /* Frameworks */,
				BAAF54BA2B219A6F00265237 /* Resources */,
				B95A2AF900D7D1759A67E44F /* [CP] Embed Pods Frameworks */,
			);
			buildRules = (
			);
			dependencies = (
			);
			name = RunPepperRun;
			productName = RunPepperRun;
			productReference = BAAF54BC2B219A6F00265237 /* RunPepperRun.app */;
			productType = "com.apple.product-type.application";
		};
/* End PBXNativeTarget section */

/* Begin PBXProject section */
		BAAF54B42B219A6F00265237 /* Project object */ = {
			isa = PBXProject;
			attributes = {
				BuildIndependentTargetsInParallel = 1;
				LastSwiftUpdateCheck = 1500;
				LastUpgradeCheck = 1500;
				TargetAttributes = {
					BAAF54BB2B219A6F00265237 = {
						CreatedOnToolsVersion = 15.0;
					};
				};
			};
			buildConfigurationList = BAAF54B72B219A6F00265237 /* Build configuration list for PBXProject "RunPepperRun" */;
			compatibilityVersion = "Xcode 14.0";
			developmentRegion = en;
			hasScannedForEncodings = 0;
			knownRegions = (
				en,
				Base,
			);
			mainGroup = BAAF54B32B219A6F00265237;
			productRefGroup = BAAF54BD2B219A6F00265237 /* Products */;
			projectDirPath = "";
			projectRoot = "";
			targets = (
				BAAF54BB2B219A6F00265237 /* RunPepperRun */,
			);
		};
/* End PBXProject section */

/* Begin PBXResourcesBuildPhase section */
		BAAF54BA2B219A6F00265237 /* Resources */ = {
			isa = PBXResourcesBuildPhase;
			buildActionMask = 2147483647;
			files = (
				BAAF54CC2B219A7000265237 /* LaunchScreen.storyboard in Resources */,
				BAAF54C92B219A7000265237 /* Assets.xcassets in Resources */,
				BAF701BE2B5A16BD000DB059 /* GoogleService-Info.plist in Resources */,
			);
			runOnlyForDeploymentPostprocessing = 0;
		};
/* End PBXResourcesBuildPhase section */

/* Begin PBXShellScriptBuildPhase section */
		4EF10F72B94C16E14D50DB36 /* [CP] Check Pods Manifest.lock */ = {
			isa = PBXShellScriptBuildPhase;
			buildActionMask = 2147483647;
			files = (
			);
			inputFileListPaths = (
			);
			inputPaths = (
				"${PODS_PODFILE_DIR_PATH}/Podfile.lock",
				"${PODS_ROOT}/Manifest.lock",
			);
			name = "[CP] Check Pods Manifest.lock";
			outputFileListPaths = (
			);
			outputPaths = (
				"$(DERIVED_FILE_DIR)/Pods-RunPepperRun-checkManifestLockResult.txt",
			);
			runOnlyForDeploymentPostprocessing = 0;
			shellPath = /bin/sh;
			shellScript = "diff \"${PODS_PODFILE_DIR_PATH}/Podfile.lock\" \"${PODS_ROOT}/Manifest.lock\" > /dev/null\nif [ $? != 0 ] ; then\n    # print error to STDERR\n    echo \"error: The sandbox is not in sync with the Podfile.lock. Run 'pod install' or update your CocoaPods installation.\" >&2\n    exit 1\nfi\n# This output is used by Xcode 'outputs' to avoid re-running this script phase.\necho \"SUCCESS\" > \"${SCRIPT_OUTPUT_FILE_0}\"\n";
			showEnvVarsInLog = 0;
		};
		B95A2AF900D7D1759A67E44F /* [CP] Embed Pods Frameworks */ = {
			isa = PBXShellScriptBuildPhase;
			buildActionMask = 2147483647;
			files = (
			);
			inputFileListPaths = (
				"${PODS_ROOT}/Target Support Files/Pods-RunPepperRun/Pods-RunPepperRun-frameworks-${CONFIGURATION}-input-files.xcfilelist",
			);
			name = "[CP] Embed Pods Frameworks";
			outputFileListPaths = (
				"${PODS_ROOT}/Target Support Files/Pods-RunPepperRun/Pods-RunPepperRun-frameworks-${CONFIGURATION}-output-files.xcfilelist",
			);
			runOnlyForDeploymentPostprocessing = 0;
			shellPath = /bin/sh;
			shellScript = "\"${PODS_ROOT}/Target Support Files/Pods-RunPepperRun/Pods-RunPepperRun-frameworks.sh\"\n";
			showEnvVarsInLog = 0;
		};
/* End PBXShellScriptBuildPhase section */

/* Begin PBXSourcesBuildPhase section */
		BAAF54B82B219A6F00265237 /* Sources */ = {
			isa = PBXSourcesBuildPhase;
			buildActionMask = 2147483647;
			files = (
				BA3A3B6A2B492BC600DF1DE4 /* RunningFactorCellScrollLayout.swift in Sources */,
				BA173A432B4406FA00C7F049 /* Extension.swift in Sources */,
				BAD5B8242B465A3700A40AE0 /* RunningFactor.swift in Sources */,
				BA225D022B4BED3B00A637BA /* MotionActivity.swift in Sources */,
				BAAF54C42B219A6F00265237 /* ViewController.swift in Sources */,
				BA225CFE2B4BD63D00A637BA /* Point.swift in Sources */,
				BA225D002B4BD8AA00A637BA /* Motion.swift in Sources */,
				BAED15A92B4D1B9F00139F67 /* DrawbleMapView.swift in Sources */,
				BAD5B8262B46793100A40AE0 /* RunningFactorCellLayout.swift in Sources */,
				BAED15A72B4D0B7100139F67 /* ResultViewController.swift in Sources */,
				BA7FE2092B54E4F800FADA40 /* RunningStatusView.swift in Sources */,
				BAAF54DA2B21AD7200265237 /* HomeViewController.swift in Sources */,
				BA225CFA2B4BD3E800A637BA /* Running.swift in Sources */,
				BAAF54C02B219A6F00265237 /* AppDelegate.swift in Sources */,
				BAED15AC2B4D201100139F67 /* RunningResult.swift in Sources */,
				BAF701BC2B5A074C000DB059 /* SignUpViewController.swift in Sources */,
				BA5752C32B43DE5800686EB5 /* RunningFactorCardCell.swift in Sources */,
				BA3A3B682B4915EF00DF1DE4 /* RunningViewController.swift in Sources */,
				BA225CFC2B4BD40F00A637BA /* Location.swift in Sources */,
				BAAF54C22B219A6F00265237 /* SceneDelegate.swift in Sources */,
				BA225D042B4BEE6600A637BA /* CaloriesCalculator.swift in Sources */,
			);
			runOnlyForDeploymentPostprocessing = 0;
		};
/* End PBXSourcesBuildPhase section */

/* Begin PBXVariantGroup section */
		BAAF54CA2B219A7000265237 /* LaunchScreen.storyboard */ = {
			isa = PBXVariantGroup;
			children = (
				BAAF54CB2B219A7000265237 /* Base */,
			);
			name = LaunchScreen.storyboard;
			sourceTree = "<group>";
		};
/* End PBXVariantGroup section */

/* Begin XCBuildConfiguration section */
		BAAF54CE2B219A7000265237 /* Debug */ = {
			isa = XCBuildConfiguration;
			buildSettings = {
				ALWAYS_SEARCH_USER_PATHS = NO;
				ASSETCATALOG_COMPILER_GENERATE_SWIFT_ASSET_SYMBOL_EXTENSIONS = YES;
				CLANG_ANALYZER_NONNULL = YES;
				CLANG_ANALYZER_NUMBER_OBJECT_CONVERSION = YES_AGGRESSIVE;
				CLANG_CXX_LANGUAGE_STANDARD = "gnu++20";
				CLANG_ENABLE_MODULES = YES;
				CLANG_ENABLE_OBJC_ARC = YES;
				CLANG_ENABLE_OBJC_WEAK = YES;
				CLANG_WARN_BLOCK_CAPTURE_AUTORELEASING = YES;
				CLANG_WARN_BOOL_CONVERSION = YES;
				CLANG_WARN_COMMA = YES;
				CLANG_WARN_CONSTANT_CONVERSION = YES;
				CLANG_WARN_DEPRECATED_OBJC_IMPLEMENTATIONS = YES;
				CLANG_WARN_DIRECT_OBJC_ISA_USAGE = YES_ERROR;
				CLANG_WARN_DOCUMENTATION_COMMENTS = YES;
				CLANG_WARN_EMPTY_BODY = YES;
				CLANG_WARN_ENUM_CONVERSION = YES;
				CLANG_WARN_INFINITE_RECURSION = YES;
				CLANG_WARN_INT_CONVERSION = YES;
				CLANG_WARN_NON_LITERAL_NULL_CONVERSION = YES;
				CLANG_WARN_OBJC_IMPLICIT_RETAIN_SELF = YES;
				CLANG_WARN_OBJC_LITERAL_CONVERSION = YES;
				CLANG_WARN_OBJC_ROOT_CLASS = YES_ERROR;
				CLANG_WARN_QUOTED_INCLUDE_IN_FRAMEWORK_HEADER = YES;
				CLANG_WARN_RANGE_LOOP_ANALYSIS = YES;
				CLANG_WARN_STRICT_PROTOTYPES = YES;
				CLANG_WARN_SUSPICIOUS_MOVE = YES;
				CLANG_WARN_UNGUARDED_AVAILABILITY = YES_AGGRESSIVE;
				CLANG_WARN_UNREACHABLE_CODE = YES;
				CLANG_WARN__DUPLICATE_METHOD_MATCH = YES;
				COPY_PHASE_STRIP = NO;
				DEBUG_INFORMATION_FORMAT = dwarf;
				ENABLE_STRICT_OBJC_MSGSEND = YES;
				ENABLE_TESTABILITY = YES;
				ENABLE_USER_SCRIPT_SANDBOXING = NO;
				GCC_C_LANGUAGE_STANDARD = gnu17;
				GCC_DYNAMIC_NO_PIC = NO;
				GCC_NO_COMMON_BLOCKS = YES;
				GCC_OPTIMIZATION_LEVEL = 0;
				GCC_PREPROCESSOR_DEFINITIONS = (
					"DEBUG=1",
					"$(inherited)",
				);
				GCC_WARN_64_TO_32_BIT_CONVERSION = YES;
				GCC_WARN_ABOUT_RETURN_TYPE = YES_ERROR;
				GCC_WARN_UNDECLARED_SELECTOR = YES;
				GCC_WARN_UNINITIALIZED_AUTOS = YES_AGGRESSIVE;
				GCC_WARN_UNUSED_FUNCTION = YES;
				GCC_WARN_UNUSED_VARIABLE = YES;
				IPHONEOS_DEPLOYMENT_TARGET = 17.0;
				LOCALIZATION_PREFERS_STRING_CATALOGS = YES;
				MTL_ENABLE_DEBUG_INFO = INCLUDE_SOURCE;
				MTL_FAST_MATH = YES;
				ONLY_ACTIVE_ARCH = YES;
				SDKROOT = iphoneos;
				SWIFT_ACTIVE_COMPILATION_CONDITIONS = "DEBUG $(inherited)";
				SWIFT_OPTIMIZATION_LEVEL = "-Onone";
			};
			name = Debug;
		};
		BAAF54CF2B219A7000265237 /* Release */ = {
			isa = XCBuildConfiguration;
			buildSettings = {
				ALWAYS_SEARCH_USER_PATHS = NO;
				ASSETCATALOG_COMPILER_GENERATE_SWIFT_ASSET_SYMBOL_EXTENSIONS = YES;
				CLANG_ANALYZER_NONNULL = YES;
				CLANG_ANALYZER_NUMBER_OBJECT_CONVERSION = YES_AGGRESSIVE;
				CLANG_CXX_LANGUAGE_STANDARD = "gnu++20";
				CLANG_ENABLE_MODULES = YES;
				CLANG_ENABLE_OBJC_ARC = YES;
				CLANG_ENABLE_OBJC_WEAK = YES;
				CLANG_WARN_BLOCK_CAPTURE_AUTORELEASING = YES;
				CLANG_WARN_BOOL_CONVERSION = YES;
				CLANG_WARN_COMMA = YES;
				CLANG_WARN_CONSTANT_CONVERSION = YES;
				CLANG_WARN_DEPRECATED_OBJC_IMPLEMENTATIONS = YES;
				CLANG_WARN_DIRECT_OBJC_ISA_USAGE = YES_ERROR;
				CLANG_WARN_DOCUMENTATION_COMMENTS = YES;
				CLANG_WARN_EMPTY_BODY = YES;
				CLANG_WARN_ENUM_CONVERSION = YES;
				CLANG_WARN_INFINITE_RECURSION = YES;
				CLANG_WARN_INT_CONVERSION = YES;
				CLANG_WARN_NON_LITERAL_NULL_CONVERSION = YES;
				CLANG_WARN_OBJC_IMPLICIT_RETAIN_SELF = YES;
				CLANG_WARN_OBJC_LITERAL_CONVERSION = YES;
				CLANG_WARN_OBJC_ROOT_CLASS = YES_ERROR;
				CLANG_WARN_QUOTED_INCLUDE_IN_FRAMEWORK_HEADER = YES;
				CLANG_WARN_RANGE_LOOP_ANALYSIS = YES;
				CLANG_WARN_STRICT_PROTOTYPES = YES;
				CLANG_WARN_SUSPICIOUS_MOVE = YES;
				CLANG_WARN_UNGUARDED_AVAILABILITY = YES_AGGRESSIVE;
				CLANG_WARN_UNREACHABLE_CODE = YES;
				CLANG_WARN__DUPLICATE_METHOD_MATCH = YES;
				COPY_PHASE_STRIP = NO;
				DEBUG_INFORMATION_FORMAT = "dwarf-with-dsym";
				ENABLE_NS_ASSERTIONS = NO;
				ENABLE_STRICT_OBJC_MSGSEND = YES;
				ENABLE_USER_SCRIPT_SANDBOXING = NO;
				GCC_C_LANGUAGE_STANDARD = gnu17;
				GCC_NO_COMMON_BLOCKS = YES;
				GCC_WARN_64_TO_32_BIT_CONVERSION = YES;
				GCC_WARN_ABOUT_RETURN_TYPE = YES_ERROR;
				GCC_WARN_UNDECLARED_SELECTOR = YES;
				GCC_WARN_UNINITIALIZED_AUTOS = YES_AGGRESSIVE;
				GCC_WARN_UNUSED_FUNCTION = YES;
				GCC_WARN_UNUSED_VARIABLE = YES;
				IPHONEOS_DEPLOYMENT_TARGET = 17.0;
				LOCALIZATION_PREFERS_STRING_CATALOGS = YES;
				MTL_ENABLE_DEBUG_INFO = NO;
				MTL_FAST_MATH = YES;
				SDKROOT = iphoneos;
				SWIFT_COMPILATION_MODE = wholemodule;
				VALIDATE_PRODUCT = YES;
			};
			name = Release;
		};
		BAAF54D12B219A7000265237 /* Debug */ = {
			isa = XCBuildConfiguration;
			baseConfigurationReference = 88BCE0B9D707B2A31B771838 /* Pods-RunPepperRun.debug.xcconfig */;
			buildSettings = {
				ASSETCATALOG_COMPILER_APPICON_NAME = AppIcon;
				ASSETCATALOG_COMPILER_GLOBAL_ACCENT_COLOR_NAME = AccentColor;
				CODE_SIGN_STYLE = Automatic;
				CURRENT_PROJECT_VERSION = 1;
				DEVELOPMENT_TEAM = ARSZYU7AJ8;
				GENERATE_INFOPLIST_FILE = YES;
				INFOPLIST_FILE = RunPepperRun/Info.plist;
				INFOPLIST_KEY_UIApplicationSupportsIndirectInputEvents = YES;
				INFOPLIST_KEY_UILaunchStoryboardName = LaunchScreen;
				INFOPLIST_KEY_UISupportedInterfaceOrientations = UIInterfaceOrientationPortrait;
				INFOPLIST_KEY_UISupportedInterfaceOrientations_iPad = "UIInterfaceOrientationLandscapeLeft UIInterfaceOrientationLandscapeRight UIInterfaceOrientationPortrait UIInterfaceOrientationPortraitUpsideDown";
				IPHONEOS_DEPLOYMENT_TARGET = 16.0;
				LD_RUNPATH_SEARCH_PATHS = (
					"$(inherited)",
					"@executable_path/Frameworks",
				);
				MARKETING_VERSION = 1.0;
				PRODUCT_BUNDLE_IDENTIFIER = com.peppermint100.RunPepperRun;
				PRODUCT_NAME = "$(TARGET_NAME)";
				SUPPORTED_PLATFORMS = "iphoneos iphonesimulator";
				SUPPORTS_MACCATALYST = NO;
				SUPPORTS_MAC_DESIGNED_FOR_IPHONE_IPAD = NO;
				SWIFT_EMIT_LOC_STRINGS = YES;
				SWIFT_VERSION = 5.0;
				TARGETED_DEVICE_FAMILY = 1;
			};
			name = Debug;
		};
		BAAF54D22B219A7000265237 /* Release */ = {
			isa = XCBuildConfiguration;
			baseConfigurationReference = 1B48CF0FE7430AB0D12CEF4F /* Pods-RunPepperRun.release.xcconfig */;
			buildSettings = {
				ASSETCATALOG_COMPILER_APPICON_NAME = AppIcon;
				ASSETCATALOG_COMPILER_GLOBAL_ACCENT_COLOR_NAME = AccentColor;
				CODE_SIGN_STYLE = Automatic;
				CURRENT_PROJECT_VERSION = 1;
				DEVELOPMENT_TEAM = ARSZYU7AJ8;
				GENERATE_INFOPLIST_FILE = YES;
				INFOPLIST_FILE = RunPepperRun/Info.plist;
				INFOPLIST_KEY_UIApplicationSupportsIndirectInputEvents = YES;
				INFOPLIST_KEY_UILaunchStoryboardName = LaunchScreen;
				INFOPLIST_KEY_UISupportedInterfaceOrientations = UIInterfaceOrientationPortrait;
				INFOPLIST_KEY_UISupportedInterfaceOrientations_iPad = "UIInterfaceOrientationLandscapeLeft UIInterfaceOrientationLandscapeRight UIInterfaceOrientationPortrait UIInterfaceOrientationPortraitUpsideDown";
				IPHONEOS_DEPLOYMENT_TARGET = 16.0;
				LD_RUNPATH_SEARCH_PATHS = (
					"$(inherited)",
					"@executable_path/Frameworks",
				);
				MARKETING_VERSION = 1.0;
				PRODUCT_BUNDLE_IDENTIFIER = com.peppermint100.RunPepperRun;
				PRODUCT_NAME = "$(TARGET_NAME)";
				SUPPORTED_PLATFORMS = "iphoneos iphonesimulator";
				SUPPORTS_MACCATALYST = NO;
				SUPPORTS_MAC_DESIGNED_FOR_IPHONE_IPAD = NO;
				SWIFT_EMIT_LOC_STRINGS = YES;
				SWIFT_VERSION = 5.0;
				TARGETED_DEVICE_FAMILY = 1;
			};
			name = Release;
		};
/* End XCBuildConfiguration section */

/* Begin XCConfigurationList section */
		BAAF54B72B219A6F00265237 /* Build configuration list for PBXProject "RunPepperRun" */ = {
			isa = XCConfigurationList;
			buildConfigurations = (
				BAAF54CE2B219A7000265237 /* Debug */,
				BAAF54CF2B219A7000265237 /* Release */,
			);
			defaultConfigurationIsVisible = 0;
			defaultConfigurationName = Release;
		};
		BAAF54D02B219A7000265237 /* Build configuration list for PBXNativeTarget "RunPepperRun" */ = {
			isa = XCConfigurationList;
			buildConfigurations = (
				BAAF54D12B219A7000265237 /* Debug */,
				BAAF54D22B219A7000265237 /* Release */,
			);
			defaultConfigurationIsVisible = 0;
			defaultConfigurationName = Release;
		};
/* End XCConfigurationList section */
	};
	rootObject = BAAF54B42B219A6F00265237 /* Project object */;
}
